# THIS IS AN AUTOGENERATED FILE. DO NOT EDIT THIS FILE DIRECTLY.
# yarn lockfile v1


"@arr/every@^1.0.0":
  version "1.0.0"
  resolved "https://registry.yarnpkg.com/@arr/every/-/every-1.0.0.tgz#314f8168f50ae48a032cfdad5fdb436f464a97ac"

accepts@~1.3.5:
  version "1.3.5"
  resolved "https://registry.yarnpkg.com/accepts/-/accepts-1.3.5.tgz#eb777df6011723a3b14e8a72c0805c8e86746bd2"
  dependencies:
    mime-types "~2.1.18"
    negotiator "0.6.1"

bytes@3.0.0:
  version "3.0.0"
  resolved "https://registry.yarnpkg.com/bytes/-/bytes-3.0.0.tgz#d32815404d689699f85a4ea4fa8755dd13a96048"

compressible@~2.0.14:
  version "2.0.14"
  resolved "https://registry.yarnpkg.com/compressible/-/compressible-2.0.14.tgz#326c5f507fbb055f54116782b969a81b67a29da7"
  dependencies:
    mime-db ">= 1.34.0 < 2"

compression@^1.7.3:
  version "1.7.3"
  resolved "https://registry.yarnpkg.com/compression/-/compression-1.7.3.tgz#27e0e176aaf260f7f2c2813c3e440adb9f1993db"
  dependencies:
    accepts "~1.3.5"
    bytes "3.0.0"
    compressible "~2.0.14"
    debug "2.6.9"
    on-headers "~1.0.1"
    safe-buffer "5.1.2"
    vary "~1.1.2"

debug@2.6.9:
  version "2.6.9"
  resolved "https://registry.yarnpkg.com/debug/-/debug-2.6.9.tgz#5d128515df134ff327e90a4c93f4e077a536341f"
  dependencies:
    ms "2.0.0"

globalyzer@^0.1.0:
  version "0.1.0"
  resolved "https://registry.yarnpkg.com/globalyzer/-/globalyzer-0.1.0.tgz#cb76da79555669a1519d5a8edf093afaa0bf1465"

globrex@^0.1.1:
  version "0.1.1"
  resolved "https://registry.yarnpkg.com/globrex/-/globrex-0.1.1.tgz#cfe565cfa910707d0ef98eb0b9d78c3c055ca2ef"

matchit@^1.0.0:
  version "1.0.6"
  resolved "https://registry.yarnpkg.com/matchit/-/matchit-1.0.6.tgz#825da06468bd324f0219ebe28e12a41bfb5524c4"
  dependencies:
    "@arr/every" "^1.0.0"

"mime-db@>= 1.34.0 < 2", mime-db@~1.35.0:
  version "1.35.0"
  resolved "https://registry.yarnpkg.com/mime-db/-/mime-db-1.35.0.tgz#0569d657466491283709663ad379a99b90d9ab47"

mime-types@~2.1.18:
  version "2.1.19"
  resolved "https://registry.yarnpkg.com/mime-types/-/mime-types-2.1.19.tgz#71e464537a7ef81c15f2db9d97e913fc0ff606f0"
  dependencies:
    mime-db "~1.35.0"

mime@^2.3.1:
  version "2.3.1"
  resolved "https://registry.yarnpkg.com/mime/-/mime-2.3.1.tgz#b1621c54d63b97c47d3cfe7f7215f7d64517c369"

mri@^1.1.0:
  version "1.1.1"
  resolved "https://registry.yarnpkg.com/mri/-/mri-1.1.1.tgz#85aa26d3daeeeedf80dc5984af95cc5ca5cad9f1"

ms@2.0.0:
  version "2.0.0"
  resolved "https://registry.yarnpkg.com/ms/-/ms-2.0.0.tgz#5608aeadfc00be6c2901df5f9861788de0d597c8"

negotiator@0.6.1:
  version "0.6.1"
  resolved "https://registry.yarnpkg.com/negotiator/-/negotiator-0.6.1.tgz#2b327184e8992101177b28563fb5e7102acd0ca9"

on-headers@~1.0.1:
  version "1.0.1"
  resolved "https://registry.yarnpkg.com/on-headers/-/on-headers-1.0.1.tgz#928f5d0f470d49342651ea6794b0857c100693f7"

pad-right@^0.2.2:
  version "0.2.2"
  resolved "https://registry.yarnpkg.com/pad-right/-/pad-right-0.2.2.tgz#6fbc924045d244f2a2a244503060d3bfc6009774"
  dependencies:
    repeat-string "^1.5.2"

parseurl@^1.3.2:
  version "1.3.2"
  resolved "https://registry.yarnpkg.com/parseurl/-/parseurl-1.3.2.tgz#fc289d4ed8993119460c156253262cdc8de65bf3"

polka@^0.4.0:
  version "0.4.0"
  resolved "https://registry.yarnpkg.com/polka/-/polka-0.4.0.tgz#453fc513cd530a089dd55d8ff3daea9752f161df"
  dependencies:
    parseurl "^1.3.2"
    trouter "^1.1.0"

repeat-string@^1.5.2:
  version "1.6.1"
  resolved "https://registry.yarnpkg.com/repeat-string/-/repeat-string-1.6.1.tgz#8dcae470e1c88abc2d600fff4a776286da75e637"

sade@^1.4.1:
  version "1.4.1"
  resolved "https://registry.yarnpkg.com/sade/-/sade-1.4.1.tgz#80c6dfd3c03db1fbcd6bc10c0eb52f71e7cadc01"
  dependencies:
    mri "^1.1.0"
    pad-right "^0.2.2"

safe-buffer@5.1.2:
  version "5.1.2"
  resolved "https://registry.yarnpkg.com/safe-buffer/-/safe-buffer-5.1.2.tgz#991ec69d296e0313747d59bdfd2b745c35f8828d"

sirv@^0.1.5:
  version "0.1.5"
  resolved "https://registry.yarnpkg.com/sirv/-/sirv-0.1.5.tgz#a5560eeb93d8b645df067f83d97fcd0b2378351e"
  dependencies:
    mime "^2.3.1"
    parseurl "^1.3.2"
    tiny-glob "^0.2.0"

tiny-glob@^0.2.0:
  version "0.2.2"
  resolved "https://registry.yarnpkg.com/tiny-glob/-/tiny-glob-0.2.2.tgz#a4ddf2c343f85d80b4456f58ebc8b66f7553948a"
  dependencies:
    globalyzer "^0.1.0"
    globrex "^0.1.1"

trouter@^1.1.0:
  version "1.1.0"
  resolved "https://registry.yarnpkg.com/trouter/-/trouter-1.1.0.tgz#ce0ad2aaa4f13af21e34785079c3352298b9259a"
  dependencies:
    matchit "^1.0.0"

vary@~1.1.2:
  version "1.1.2"
  resolved "https://registry.yarnpkg.com/vary/-/vary-1.1.2.tgz#2299f02c6ded30d4a5961b0b9f74524a18f634fc"
